
Microsoft Visual Studio Solution File, Format Version 12.00
# Visual Studio Version 17
VisualStudioVersion = 17.14.36603.0 d17.14
MinimumVisualStudioVersion = 10.0.40219.1
Project("{FAE04EC0-301F-11D3-BF4B-00C04F79EFBC}") = "FileOrganizer", "ConsoleApp1\FileOrganizer.csproj", "{FD555EE3-3342-444E-B3F1-D316735177BC}"
EndProject
Global
	GlobalSection(SolutionConfigurationPlatforms) = preSolution
		Debug|Any CPU = Debug|Any CPU
		Release|Any CPU = Release|Any CPU
	EndGlobalSection
	GlobalSection(ProjectConfigurationPlatforms) = postSolution
		{FD555EE3-3342-444E-B3F1-D316735177BC}.Debug|Any CPU.ActiveCfg = Debug|Any CPU
		{FD555EE3-3342-444E-B3F1-D316735177BC}.Debug|Any CPU.Build.0 = Debug|Any CPU
		{FD555EE3-3342-444E-B3F1-D316735177BC}.Release|Any CPU.ActiveCfg = Release|Any CPU
		{FD555EE3-3342-444E-B3F1-D316735177BC}.Release|Any CPU.Build.0 = Release|Any CPU
	EndGlobalSection
	GlobalSection(SolutionProperties) = preSolution
		HideSolutionNode = FALSE
	EndGlobalSection
	GlobalSection(ExtensibilityGlobals) = postSolution
		SolutionGuid = {A88EF76C-9B55-447E-A929-1230F1B7F6B2}
	EndGlobalSection
EndGlobal
