
Microsoft Visual Studio Solution File, Format Version 12.00
# Visual Studio Version 17
VisualStudioVersion = 17.4.33213.308
MinimumVisualStudioVersion = 10.0.40219.1
Project("{FAE04EC0-301F-11D3-BF4B-00C04F79EFBC}") = "Heic2Jpg", "Heic2Jpg\Heic2Jpg.csproj", "{AA345E60-FD17-4A77-AC72-9C94C3B46393}"
EndProject
Global
	GlobalSection(SolutionConfigurationPlatforms) = preSolution
		Debug|Any CPU = Debug|Any CPU
		Release|Any CPU = Release|Any CPU
	EndGlobalSection
	GlobalSection(ProjectConfigurationPlatforms) = postSolution
		{AA345E60-FD17-4A77-AC72-9C94C3B46393}.Debug|Any CPU.ActiveCfg = Debug|Any CPU
		{AA345E60-FD17-4A77-AC72-9C94C3B46393}.Debug|Any CPU.Build.0 = Debug|Any CPU
		{AA345E60-FD17-4A77-AC72-9C94C3B46393}.Release|Any CPU.ActiveCfg = Release|Any CPU
		{AA345E60-FD17-4A77-AC72-9C94C3B46393}.Release|Any CPU.Build.0 = Release|Any CPU
	EndGlobalSection
	GlobalSection(SolutionProperties) = preSolution
		HideSolutionNode = FALSE
	EndGlobalSection
	GlobalSection(ExtensibilityGlobals) = postSolution
		SolutionGuid = {B3FAAEC0-8783-4B15-9E6F-B388C2935516}
	EndGlobalSection
EndGlobal
